// !$*UTF8*$!
{
	archiveVersion = 1;
	classes = {
	};
	objectVersion = 56;
	objects = {

/* Begin PBXBuildFile section */
		040AFCCE2B20C99900BC07FA /* AppDelegate.swift in Sources */ = {isa = PBXBuildFile; fileRef = 040AFCCD2B20C99900BC07FA /* AppDelegate.swift */; };
		040AFCD02B20C99900BC07FA /* SceneDelegate.swift in Sources */ = {isa = PBXBuildFile; fileRef = 040AFCCF2B20C99900BC07FA /* SceneDelegate.swift */; };
		040AFCD22B20C99900BC07FA /* ViewController.swift in Sources */ = {isa = PBXBuildFile; fileRef = 040AFCD12B20C99900BC07FA /* ViewController.swift */; };
		040AFCD52B20C99900BC07FA /* Main.storyboard in Resources */ = {isa = PBXBuildFile; fileRef = 040AFCD32B20C99900BC07FA /* Main.storyboard */; };
		040AFCD72B20C99B00BC07FA /* Assets.xcassets in Resources */ = {isa = PBXBuildFile; fileRef = 040AFCD62B20C99B00BC07FA /* Assets.xcassets */; };
		040AFCDA2B20C99B00BC07FA /* LaunchScreen.storyboard in Resources */ = {isa = PBXBuildFile; fileRef = 040AFCD82B20C99B00BC07FA /* LaunchScreen.storyboard */; };
		040AFCE22B20CA4900BC07FA /* Homework.swift in Sources */ = {isa = PBXBuildFile; fileRef = 040AFCE12B20CA4900BC07FA /* Homework.swift */; };
		040AFCE52B20D72B00BC07FA /* BookGenres.swift in Sources */ = {isa = PBXBuildFile; fileRef = 040AFCE42B20D72B00BC07FA /* BookGenres.swift */; };
		040AFCEA2B20DB9200BC07FA /* Book.swift in Sources */ = {isa = PBXBuildFile; fileRef = 040AFCE92B20DB9200BC07FA /* Book.swift */; };
/* End PBXBuildFile section */

/* Begin PBXFileReference section */
		040AFCCA2B20C99900BC07FA /* TMS-IOS-LESSON-6-HW.app */ = {isa = PBXFileReference; explicitFileType = wrapper.application; includeInIndex = 0; path = "TMS-IOS-LESSON-6-HW.app"; sourceTree = BUILT_PRODUCTS_DIR; };
		040AFCCD2B20C99900BC07FA /* AppDelegate.swift */ = {isa = PBXFileReference; lastKnownFileType = sourcecode.swift; path = AppDelegate.swift; sourceTree = "<group>"; };
		040AFCCF2B20C99900BC07FA /* SceneDelegate.swift */ = {isa = PBXFileReference; lastKnownFileType = sourcecode.swift; path = SceneDelegate.swift; sourceTree = "<group>"; };
		040AFCD12B20C99900BC07FA /* ViewController.swift */ = {isa = PBXFileReference; lastKnownFileType = sourcecode.swift; path = ViewController.swift; sourceTree = "<group>"; };
		040AFCD42B20C99900BC07FA /* Base */ = {isa = PBXFileReference; lastKnownFileType = file.storyboard; name = Base; path = Base.lproj/Main.storyboard; sourceTree = "<group>"; };
		040AFCD62B20C99B00BC07FA /* Assets.xcassets */ = {isa = PBXFileReference; lastKnownFileType = folder.assetcatalog; path = Assets.xcassets; sourceTree = "<group>"; };
		040AFCD92B20C99B00BC07FA /* Base */ = {isa = PBXFileReference; lastKnownFileType = file.storyboard; name = Base; path = Base.lproj/LaunchScreen.storyboard; sourceTree = "<group>"; };
		040AFCDB2B20C99B00BC07FA /* Info.plist */ = {isa = PBXFileReference; lastKnownFileType = text.plist.xml; path = Info.plist; sourceTree = "<group>"; };
		040AFCE12B20CA4900BC07FA /* Homework.swift */ = {isa = PBXFileReference; lastKnownFileType = sourcecode.swift; path = Homework.swift; sourceTree = "<group>"; };
		040AFCE42B20D72B00BC07FA /* BookGenres.swift */ = {isa = PBXFileReference; lastKnownFileType = sourcecode.swift; path = BookGenres.swift; sourceTree = "<group>"; };
		040AFCE92B20DB9200BC07FA /* Book.swift */ = {isa = PBXFileReference; lastKnownFileType = sourcecode.swift; path = Book.swift; sourceTree = "<group>"; };
/* End PBXFileReference section */

/* Begin PBXFrameworksBuildPhase section */
		040AFCC72B20C99900BC07FA /* Frameworks */ = {
			isa = PBXFrameworksBuildPhase;
			buildActionMask = 2147483647;
			files = (
			);
			runOnlyForDeploymentPostprocessing = 0;
		};
/* End PBXFrameworksBuildPhase section */

/* Begin PBXGroup section */
		040AFCC12B20C99900BC07FA = {
			isa = PBXGroup;
			children = (
				040AFCCC2B20C99900BC07FA /* TMS-IOS-LESSON-6-HW */,
				040AFCCB2B20C99900BC07FA /* Products */,
			);
			sourceTree = "<group>";
		};
		040AFCCB2B20C99900BC07FA /* Products */ = {
			isa = PBXGroup;
			children = (
				040AFCCA2B20C99900BC07FA /* TMS-IOS-LESSON-6-HW.app */,
			);
			name = Products;
			sourceTree = "<group>";
		};
		040AFCCC2B20C99900BC07FA /* TMS-IOS-LESSON-6-HW */ = {
			isa = PBXGroup;
			children = (
				040AFCE62B20DAE400BC07FA /* Structures */,
				040AFCE32B20D71A00BC07FA /* Enums */,
				040AFCCD2B20C99900BC07FA /* AppDelegate.swift */,
				040AFCCF2B20C99900BC07FA /* SceneDelegate.swift */,
				040AFCD12B20C99900BC07FA /* ViewController.swift */,
				040AFCE12B20CA4900BC07FA /* Homework.swift */,
				040AFCD32B20C99900BC07FA /* Main.storyboard */,
				040AFCD62B20C99B00BC07FA /* Assets.xcassets */,
				040AFCD82B20C99B00BC07FA /* LaunchScreen.storyboard */,
				040AFCDB2B20C99B00BC07FA /* Info.plist */,
			);
			path = "TMS-IOS-LESSON-6-HW";
			sourceTree = "<group>";
		};
		040AFCE32B20D71A00BC07FA /* Enums */ = {
			isa = PBXGroup;
			children = (
				040AFCE42B20D72B00BC07FA /* BookGenres.swift */,
			);
			path = Enums;
			sourceTree = "<group>";
		};
		040AFCE62B20DAE400BC07FA /* Structures */ = {
			isa = PBXGroup;
			children = (
				040AFCE92B20DB9200BC07FA /* Book.swift */,
			);
			path = Structures;
			sourceTree = "<group>";
		};
/* End PBXGroup section */

/* Begin PBXNativeTarget section */
		040AFCC92B20C99900BC07FA /* TMS-IOS-LESSON-6-HW */ = {
			isa = PBXNativeTarget;
			buildConfigurationList = 040AFCDE2B20C99B00BC07FA /* Build configuration list for PBXNativeTarget "TMS-IOS-LESSON-6-HW" */;
			buildPhases = (
				040AFCC62B20C99900BC07FA /* Sources */,
				040AFCC72B20C99900BC07FA /* Frameworks */,
				040AFCC82B20C99900BC07FA /* Resources */,
			);
			buildRules = (
			);
			dependencies = (
			);
			name = "TMS-IOS-LESSON-6-HW";
			productName = "TMS-IOS-LESSON-6-HW";
			productReference = 040AFCCA2B20C99900BC07FA /* TMS-IOS-LESSON-6-HW.app */;
			productType = "com.apple.product-type.application";
		};
/* End PBXNativeTarget section */

/* Begin PBXProject section */
		040AFCC22B20C99900BC07FA /* Project object */ = {
			isa = PBXProject;
			attributes = {
				BuildIndependentTargetsInParallel = 1;
				LastSwiftUpdateCheck = 1500;
				LastUpgradeCheck = 1500;
				TargetAttributes = {
					040AFCC92B20C99900BC07FA = {
						CreatedOnToolsVersion = 15.0.1;
					};
				};
			};
			buildConfigurationList = 040AFCC52B20C99900BC07FA /* Build configuration list for PBXProject "TMS-IOS-LESSON-6-HW" */;
			compatibilityVersion = "Xcode 14.0";
			developmentRegion = en;
			hasScannedForEncodings = 0;
			knownRegions = (
				en,
				Base,
			);
			mainGroup = 040AFCC12B20C99900BC07FA;
			productRefGroup = 040AFCCB2B20C99900BC07FA /* Products */;
			projectDirPath = "";
			projectRoot = "";
			targets = (
				040AFCC92B20C99900BC07FA /* TMS-IOS-LESSON-6-HW */,
			);
		};
/* End PBXProject section */

/* Begin PBXResourcesBuildPhase section */
		040AFCC82B20C99900BC07FA /* Resources */ = {
			isa = PBXResourcesBuildPhase;
			buildActionMask = 2147483647;
			files = (
				040AFCDA2B20C99B00BC07FA /* LaunchScreen.storyboard in Resources */,
				040AFCD72B20C99B00BC07FA /* Assets.xcassets in Resources */,
				040AFCD52B20C99900BC07FA /* Main.storyboard in Resources */,
			);
			runOnlyForDeploymentPostprocessing = 0;
		};
/* End PBXResourcesBuildPhase section */

/* Begin PBXSourcesBuildPhase section */
		040AFCC62B20C99900BC07FA /* Sources */ = {
			isa = PBXSourcesBuildPhase;
			buildActionMask = 2147483647;
			files = (
				040AFCD22B20C99900BC07FA /* ViewController.swift in Sources */,
				040AFCE22B20CA4900BC07FA /* Homework.swift in Sources */,
				040AFCEA2B20DB9200BC07FA /* Book.swift in Sources */,
				040AFCCE2B20C99900BC07FA /* AppDelegate.swift in Sources */,
				040AFCE52B20D72B00BC07FA /* BookGenres.swift in Sources */,
				040AFCD02B20C99900BC07FA /* SceneDelegate.swift in Sources */,
			);
			runOnlyForDeploymentPostprocessing = 0;
		};
/* End PBXSourcesBuildPhase section */

/* Begin PBXVariantGroup section */
		040AFCD32B20C99900BC07FA /* Main.storyboard */ = {
			isa = PBXVariantGroup;
			children = (
				040AFCD42B20C99900BC07FA /* Base */,
			);
			name = Main.storyboard;
			sourceTree = "<group>";
		};
		040AFCD82B20C99B00BC07FA /* LaunchScreen.storyboard */ = {
			isa = PBXVariantGroup;
			children = (
				040AFCD92B20C99B00BC07FA /* Base */,
			);
			name = LaunchScreen.storyboard;
			sourceTree = "<group>";
		};
/* End PBXVariantGroup section */

/* Begin XCBuildConfiguration section */
		040AFCDC2B20C99B00BC07FA /* Debug */ = {
			isa = XCBuildConfiguration;
			buildSettings = {
				ALWAYS_SEARCH_USER_PATHS = NO;
				ASSETCATALOG_COMPILER_GENERATE_SWIFT_ASSET_SYMBOL_EXTENSIONS = YES;
				CLANG_ANALYZER_NONNULL = YES;
				CLANG_ANALYZER_NUMBER_OBJECT_CONVERSION = YES_AGGRESSIVE;
				CLANG_CXX_LANGUAGE_STANDARD = "gnu++20";
				CLANG_ENABLE_MODULES = YES;
				CLANG_ENABLE_OBJC_ARC = YES;
				CLANG_ENABLE_OBJC_WEAK = YES;
				CLANG_WARN_BLOCK_CAPTURE_AUTORELEASING = YES;
				CLANG_WARN_BOOL_CONVERSION = YES;
				CLANG_WARN_COMMA = YES;
				CLANG_WARN_CONSTANT_CONVERSION = YES;
				CLANG_WARN_DEPRECATED_OBJC_IMPLEMENTATIONS = YES;
				CLANG_WARN_DIRECT_OBJC_ISA_USAGE = YES_ERROR;
				CLANG_WARN_DOCUMENTATION_COMMENTS = YES;
				CLANG_WARN_EMPTY_BODY = YES;
				CLANG_WARN_ENUM_CONVERSION = YES;
				CLANG_WARN_INFINITE_RECURSION = YES;
				CLANG_WARN_INT_CONVERSION = YES;
				CLANG_WARN_NON_LITERAL_NULL_CONVERSION = YES;
				CLANG_WARN_OBJC_IMPLICIT_RETAIN_SELF = YES;
				CLANG_WARN_OBJC_LITERAL_CONVERSION = YES;
				CLANG_WARN_OBJC_ROOT_CLASS = YES_ERROR;
				CLANG_WARN_QUOTED_INCLUDE_IN_FRAMEWORK_HEADER = YES;
				CLANG_WARN_RANGE_LOOP_ANALYSIS = YES;
				CLANG_WARN_STRICT_PROTOTYPES = YES;
				CLANG_WARN_SUSPICIOUS_MOVE = YES;
				CLANG_WARN_UNGUARDED_AVAILABILITY = YES_AGGRESSIVE;
				CLANG_WARN_UNREACHABLE_CODE = YES;
				CLANG_WARN__DUPLICATE_METHOD_MATCH = YES;
				COPY_PHASE_STRIP = NO;
				DEBUG_INFORMATION_FORMAT = dwarf;
				ENABLE_STRICT_OBJC_MSGSEND = YES;
				ENABLE_TESTABILITY = YES;
				ENABLE_USER_SCRIPT_SANDBOXING = YES;
				GCC_C_LANGUAGE_STANDARD = gnu17;
				GCC_DYNAMIC_NO_PIC = NO;
				GCC_NO_COMMON_BLOCKS = YES;
				GCC_OPTIMIZATION_LEVEL = 0;
				GCC_PREPROCESSOR_DEFINITIONS = (
					"DEBUG=1",
					"$(inherited)",
				);
				GCC_WARN_64_TO_32_BIT_CONVERSION = YES;
				GCC_WARN_ABOUT_RETURN_TYPE = YES_ERROR;
				GCC_WARN_UNDECLARED_SELECTOR = YES;
				GCC_WARN_UNINITIALIZED_AUTOS = YES_AGGRESSIVE;
				GCC_WARN_UNUSED_FUNCTION = YES;
				GCC_WARN_UNUSED_VARIABLE = YES;
				IPHONEOS_DEPLOYMENT_TARGET = 17.0;
				LOCALIZATION_PREFERS_STRING_CATALOGS = YES;
				MTL_ENABLE_DEBUG_INFO = INCLUDE_SOURCE;
				MTL_FAST_MATH = YES;
				ONLY_ACTIVE_ARCH = YES;
				SDKROOT = iphoneos;
				SWIFT_ACTIVE_COMPILATION_CONDITIONS = "DEBUG $(inherited)";
				SWIFT_OPTIMIZATION_LEVEL = "-Onone";
			};
			name = Debug;
		};
		040AFCDD2B20C99B00BC07FA /* Release */ = {
			isa = XCBuildConfiguration;
			buildSettings = {
				ALWAYS_SEARCH_USER_PATHS = NO;
				ASSETCATALOG_COMPILER_GENERATE_SWIFT_ASSET_SYMBOL_EXTENSIONS = YES;
				CLANG_ANALYZER_NONNULL = YES;
				CLANG_ANALYZER_NUMBER_OBJECT_CONVERSION = YES_AGGRESSIVE;
				CLANG_CXX_LANGUAGE_STANDARD = "gnu++20";
				CLANG_ENABLE_MODULES = YES;
				CLANG_ENABLE_OBJC_ARC = YES;
				CLANG_ENABLE_OBJC_WEAK = YES;
				CLANG_WARN_BLOCK_CAPTURE_AUTORELEASING = YES;
				CLANG_WARN_BOOL_CONVERSION = YES;
				CLANG_WARN_COMMA = YES;
				CLANG_WARN_CONSTANT_CONVERSION = YES;
				CLANG_WARN_DEPRECATED_OBJC_IMPLEMENTATIONS = YES;
				CLANG_WARN_DIRECT_OBJC_ISA_USAGE = YES_ERROR;
				CLANG_WARN_DOCUMENTATION_COMMENTS = YES;
				CLANG_WARN_EMPTY_BODY = YES;
				CLANG_WARN_ENUM_CONVERSION = YES;
				CLANG_WARN_INFINITE_RECURSION = YES;
				CLANG_WARN_INT_CONVERSION = YES;
				CLANG_WARN_NON_LITERAL_NULL_CONVERSION = YES;
				CLANG_WARN_OBJC_IMPLICIT_RETAIN_SELF = YES;
				CLANG_WARN_OBJC_LITERAL_CONVERSION = YES;
				CLANG_WARN_OBJC_ROOT_CLASS = YES_ERROR;
				CLANG_WARN_QUOTED_INCLUDE_IN_FRAMEWORK_HEADER = YES;
				CLANG_WARN_RANGE_LOOP_ANALYSIS = YES;
				CLANG_WARN_STRICT_PROTOTYPES = YES;
				CLANG_WARN_SUSPICIOUS_MOVE = YES;
				CLANG_WARN_UNGUARDED_AVAILABILITY = YES_AGGRESSIVE;
				CLANG_WARN_UNREACHABLE_CODE = YES;
				CLANG_WARN__DUPLICATE_METHOD_MATCH = YES;
				COPY_PHASE_STRIP = NO;
				DEBUG_INFORMATION_FORMAT = "dwarf-with-dsym";
				ENABLE_NS_ASSERTIONS = NO;
				ENABLE_STRICT_OBJC_MSGSEND = YES;
				ENABLE_USER_SCRIPT_SANDBOXING = YES;
				GCC_C_LANGUAGE_STANDARD = gnu17;
				GCC_NO_COMMON_BLOCKS = YES;
				GCC_WARN_64_TO_32_BIT_CONVERSION = YES;
				GCC_WARN_ABOUT_RETURN_TYPE = YES_ERROR;
				GCC_WARN_UNDECLARED_SELECTOR = YES;
				GCC_WARN_UNINITIALIZED_AUTOS = YES_AGGRESSIVE;
				GCC_WARN_UNUSED_FUNCTION = YES;
				GCC_WARN_UNUSED_VARIABLE = YES;
				IPHONEOS_DEPLOYMENT_TARGET = 17.0;
				LOCALIZATION_PREFERS_STRING_CATALOGS = YES;
				MTL_ENABLE_DEBUG_INFO = NO;
				MTL_FAST_MATH = YES;
				SDKROOT = iphoneos;
				SWIFT_COMPILATION_MODE = wholemodule;
				VALIDATE_PRODUCT = YES;
			};
			name = Release;
		};
		040AFCDF2B20C99B00BC07FA /* Debug */ = {
			isa = XCBuildConfiguration;
			buildSettings = {
				ASSETCATALOG_COMPILER_APPICON_NAME = AppIcon;
				ASSETCATALOG_COMPILER_GLOBAL_ACCENT_COLOR_NAME = AccentColor;
				CODE_SIGN_STYLE = Automatic;
				CURRENT_PROJECT_VERSION = 1;
				DEVELOPMENT_TEAM = N3LRJV66ML;
				GENERATE_INFOPLIST_FILE = YES;
				INFOPLIST_FILE = "TMS-IOS-LESSON-6-HW/Info.plist";
				INFOPLIST_KEY_UIApplicationSupportsIndirectInputEvents = YES;
				INFOPLIST_KEY_UILaunchStoryboardName = LaunchScreen;
				INFOPLIST_KEY_UIMainStoryboardFile = Main;
				INFOPLIST_KEY_UISupportedInterfaceOrientations_iPad = "UIInterfaceOrientationPortrait UIInterfaceOrientationPortraitUpsideDown UIInterfaceOrientationLandscapeLeft UIInterfaceOrientationLandscapeRight";
				INFOPLIST_KEY_UISupportedInterfaceOrientations_iPhone = "UIInterfaceOrientationPortrait UIInterfaceOrientationLandscapeLeft UIInterfaceOrientationLandscapeRight";
				LD_RUNPATH_SEARCH_PATHS = (
					"$(inherited)",
					"@executable_path/Frameworks",
				);
				MARKETING_VERSION = 1.0;
				PRODUCT_BUNDLE_IDENTIFIER = "anton.kurdo.TMS-IOS-LESSON-6-HW";
				PRODUCT_NAME = "$(TARGET_NAME)";
				SWIFT_EMIT_LOC_STRINGS = YES;
				SWIFT_VERSION = 5.0;
				TARGETED_DEVICE_FAMILY = "1,2";
			};
			name = Debug;
		};
		040AFCE02B20C99B00BC07FA /* Release */ = {
			isa = XCBuildConfiguration;
			buildSettings = {
				ASSETCATALOG_COMPILER_APPICON_NAME = AppIcon;
				ASSETCATALOG_COMPILER_GLOBAL_ACCENT_COLOR_NAME = AccentColor;
				CODE_SIGN_STYLE = Automatic;
				CURRENT_PROJECT_VERSION = 1;
				DEVELOPMENT_TEAM = N3LRJV66ML;
				GENERATE_INFOPLIST_FILE = YES;
				INFOPLIST_FILE = "TMS-IOS-LESSON-6-HW/Info.plist";
				INFOPLIST_KEY_UIApplicationSupportsIndirectInputEvents = YES;
				INFOPLIST_KEY_UILaunchStoryboardName = LaunchScreen;
				INFOPLIST_KEY_UIMainStoryboardFile = Main;
				INFOPLIST_KEY_UISupportedInterfaceOrientations_iPad = "UIInterfaceOrientationPortrait UIInterfaceOrientationPortraitUpsideDown UIInterfaceOrientationLandscapeLeft UIInterfaceOrientationLandscapeRight";
				INFOPLIST_KEY_UISupportedInterfaceOrientations_iPhone = "UIInterfaceOrientationPortrait UIInterfaceOrientationLandscapeLeft UIInterfaceOrientationLandscapeRight";
				LD_RUNPATH_SEARCH_PATHS = (
					"$(inherited)",
					"@executable_path/Frameworks",
				);
				MARKETING_VERSION = 1.0;
				PRODUCT_BUNDLE_IDENTIFIER = "anton.kurdo.TMS-IOS-LESSON-6-HW";
				PRODUCT_NAME = "$(TARGET_NAME)";
				SWIFT_EMIT_LOC_STRINGS = YES;
				SWIFT_VERSION = 5.0;
				TARGETED_DEVICE_FAMILY = "1,2";
			};
			name = Release;
		};
/* End XCBuildConfiguration section */

/* Begin XCConfigurationList section */
		040AFCC52B20C99900BC07FA /* Build configuration list for PBXProject "TMS-IOS-LESSON-6-HW" */ = {
			isa = XCConfigurationList;
			buildConfigurations = (
				040AFCDC2B20C99B00BC07FA /* Debug */,
				040AFCDD2B20C99B00BC07FA /* Release */,
			);
			defaultConfigurationIsVisible = 0;
			defaultConfigurationName = Release;
		};
		040AFCDE2B20C99B00BC07FA /* Build configuration list for PBXNativeTarget "TMS-IOS-LESSON-6-HW" */ = {
			isa = XCConfigurationList;
			buildConfigurations = (
				040AFCDF2B20C99B00BC07FA /* Debug */,
				040AFCE02B20C99B00BC07FA /* Release */,
			);
			defaultConfigurationIsVisible = 0;
			defaultConfigurationName = Release;
		};
/* End XCConfigurationList section */
	};
	rootObject = 040AFCC22B20C99900BC07FA /* Project object */;
}
